
Microsoft Visual Studio Solution File, Format Version 12.00
# Visual Studio 15
Project("{FAE04EC0-301F-11D3-BF4B-00C04F79EFBC}") = "Assembly-CSharp", "Assembly-CSharp.csproj", "{AA1B602B-B76F-21FF-E52E-49818179AAAC}"
EndProject
Global
	GlobalSection(SolutionConfigurationPlatforms) = preSolution
		Debug|Any CPU = Debug|Any CPU
		Release|Any CPU = Release|Any CPU
	EndGlobalSection
	GlobalSection(ProjectConfigurationPlatforms) = postSolution
		{AA1B602B-B76F-21FF-E52E-49818179AAAC}.Debug|Any CPU.ActiveCfg = Debug|Any CPU
		{AA1B602B-B76F-21FF-E52E-49818179AAAC}.Debug|Any CPU.Build.0 = Debug|Any CPU
		{AA1B602B-B76F-21FF-E52E-49818179AAAC}.Release|Any CPU.ActiveCfg = Release|Any CPU
		{AA1B602B-B76F-21FF-E52E-49818179AAAC}.Release|Any CPU.Build.0 = Release|Any CPU
	EndGlobalSection
	GlobalSection(SolutionProperties) = preSolution
		HideSolutionNode = FALSE
	EndGlobalSection
EndGlobal
